
Microsoft Visual Studio Solution File, Format Version 12.00
# Visual Studio 15
VisualStudioVersion = 15.0.26124.0
MinimumVisualStudioVersion = 15.0.26124.0
Project("{FAE04EC0-301F-11D3-BF4B-00C04F79EFBC}") = "Csharp_webapi_EntityFramework_MySql", "Csharp_webapi_EntityFramework_MySql\Csharp_webapi_EntityFramework_MySql.csproj", "{9CF2B60C-13EF-4327-A986-3F5457CEE6C9}"
EndProject
Project("{FAE04EC0-301F-11D3-BF4B-00C04F79EFBC}") = "Csharp_webapi_EF_MySql_NUnit", "Csharp_webapi_EF_MySql_NUnit\Csharp_webapi_EF_MySql_NUnit.csproj", "{ECCE946F-D89F-4AFE-BB5D-C3D5AE8880CE}"
EndProject
Project("{FAE04EC0-301F-11D3-BF4B-00C04F79EFBC}") = "Csharp_webapi_EF_MySql_FluentAssertions", "Csharp_webapi_EF_MySql_FluentAssertions\Csharp_webapi_EF_MySql_FluentAssertions.csproj", "{9CBA380D-5A28-4585-9C38-ADF4F2374FA9}"
EndProject
Project("{FAE04EC0-301F-11D3-BF4B-00C04F79EFBC}") = "Csharp_webapi_EF_MySql_Bogus_NUnit", "Csharp_webapi_EF_MySql_Bogus_NUnit\Csharp_webapi_EF_MySql_Bogus_NUnit.csproj", "{D3FDDB97-AAA7-480A-84DC-4676BC6968F3}"
EndProject
Project("{FAE04EC0-301F-11D3-BF4B-00C04F79EFBC}") = "Csharp_webapi_EF_MySql_Bogus_FluentAssertions", "Csharp_webapi_EF_MySql_Bogus_FluentAssertions\Csharp_webapi_EF_MySql_Bogus_FluentAssertions.csproj", "{32B94564-D10C-4DBF-B5F5-F6BA61BA2077}"
EndProject
Global
	GlobalSection(SolutionConfigurationPlatforms) = preSolution
		Debug|Any CPU = Debug|Any CPU
		Debug|x64 = Debug|x64
		Debug|x86 = Debug|x86
		Release|Any CPU = Release|Any CPU
		Release|x64 = Release|x64
		Release|x86 = Release|x86
	EndGlobalSection
	GlobalSection(SolutionProperties) = preSolution
		HideSolutionNode = FALSE
	EndGlobalSection
	GlobalSection(ProjectConfigurationPlatforms) = postSolution
		{9CF2B60C-13EF-4327-A986-3F5457CEE6C9}.Debug|Any CPU.ActiveCfg = Debug|Any CPU
		{9CF2B60C-13EF-4327-A986-3F5457CEE6C9}.Debug|Any CPU.Build.0 = Debug|Any CPU
		{9CF2B60C-13EF-4327-A986-3F5457CEE6C9}.Debug|x64.ActiveCfg = Debug|Any CPU
		{9CF2B60C-13EF-4327-A986-3F5457CEE6C9}.Debug|x64.Build.0 = Debug|Any CPU
		{9CF2B60C-13EF-4327-A986-3F5457CEE6C9}.Debug|x86.ActiveCfg = Debug|Any CPU
		{9CF2B60C-13EF-4327-A986-3F5457CEE6C9}.Debug|x86.Build.0 = Debug|Any CPU
		{9CF2B60C-13EF-4327-A986-3F5457CEE6C9}.Release|Any CPU.ActiveCfg = Release|Any CPU
		{9CF2B60C-13EF-4327-A986-3F5457CEE6C9}.Release|Any CPU.Build.0 = Release|Any CPU
		{9CF2B60C-13EF-4327-A986-3F5457CEE6C9}.Release|x64.ActiveCfg = Release|Any CPU
		{9CF2B60C-13EF-4327-A986-3F5457CEE6C9}.Release|x64.Build.0 = Release|Any CPU
		{9CF2B60C-13EF-4327-A986-3F5457CEE6C9}.Release|x86.ActiveCfg = Release|Any CPU
		{9CF2B60C-13EF-4327-A986-3F5457CEE6C9}.Release|x86.Build.0 = Release|Any CPU
		{ECCE946F-D89F-4AFE-BB5D-C3D5AE8880CE}.Debug|Any CPU.ActiveCfg = Debug|Any CPU
		{ECCE946F-D89F-4AFE-BB5D-C3D5AE8880CE}.Debug|Any CPU.Build.0 = Debug|Any CPU
		{ECCE946F-D89F-4AFE-BB5D-C3D5AE8880CE}.Debug|x64.ActiveCfg = Debug|Any CPU
		{ECCE946F-D89F-4AFE-BB5D-C3D5AE8880CE}.Debug|x64.Build.0 = Debug|Any CPU
		{ECCE946F-D89F-4AFE-BB5D-C3D5AE8880CE}.Debug|x86.ActiveCfg = Debug|Any CPU
		{ECCE946F-D89F-4AFE-BB5D-C3D5AE8880CE}.Debug|x86.Build.0 = Debug|Any CPU
		{ECCE946F-D89F-4AFE-BB5D-C3D5AE8880CE}.Release|Any CPU.ActiveCfg = Release|Any CPU
		{ECCE946F-D89F-4AFE-BB5D-C3D5AE8880CE}.Release|Any CPU.Build.0 = Release|Any CPU
		{ECCE946F-D89F-4AFE-BB5D-C3D5AE8880CE}.Release|x64.ActiveCfg = Release|Any CPU
		{ECCE946F-D89F-4AFE-BB5D-C3D5AE8880CE}.Release|x64.Build.0 = Release|Any CPU
		{ECCE946F-D89F-4AFE-BB5D-C3D5AE8880CE}.Release|x86.ActiveCfg = Release|Any CPU
		{ECCE946F-D89F-4AFE-BB5D-C3D5AE8880CE}.Release|x86.Build.0 = Release|Any CPU
		{9CBA380D-5A28-4585-9C38-ADF4F2374FA9}.Debug|Any CPU.ActiveCfg = Debug|Any CPU
		{9CBA380D-5A28-4585-9C38-ADF4F2374FA9}.Debug|Any CPU.Build.0 = Debug|Any CPU
		{9CBA380D-5A28-4585-9C38-ADF4F2374FA9}.Debug|x64.ActiveCfg = Debug|Any CPU
		{9CBA380D-5A28-4585-9C38-ADF4F2374FA9}.Debug|x64.Build.0 = Debug|Any CPU
		{9CBA380D-5A28-4585-9C38-ADF4F2374FA9}.Debug|x86.ActiveCfg = Debug|Any CPU
		{9CBA380D-5A28-4585-9C38-ADF4F2374FA9}.Debug|x86.Build.0 = Debug|Any CPU
		{9CBA380D-5A28-4585-9C38-ADF4F2374FA9}.Release|Any CPU.ActiveCfg = Release|Any CPU
		{9CBA380D-5A28-4585-9C38-ADF4F2374FA9}.Release|Any CPU.Build.0 = Release|Any CPU
		{9CBA380D-5A28-4585-9C38-ADF4F2374FA9}.Release|x64.ActiveCfg = Release|Any CPU
		{9CBA380D-5A28-4585-9C38-ADF4F2374FA9}.Release|x64.Build.0 = Release|Any CPU
		{9CBA380D-5A28-4585-9C38-ADF4F2374FA9}.Release|x86.ActiveCfg = Release|Any CPU
		{9CBA380D-5A28-4585-9C38-ADF4F2374FA9}.Release|x86.Build.0 = Release|Any CPU
		{D3FDDB97-AAA7-480A-84DC-4676BC6968F3}.Debug|Any CPU.ActiveCfg = Debug|Any CPU
		{D3FDDB97-AAA7-480A-84DC-4676BC6968F3}.Debug|Any CPU.Build.0 = Debug|Any CPU
		{D3FDDB97-AAA7-480A-84DC-4676BC6968F3}.Debug|x64.ActiveCfg = Debug|Any CPU
		{D3FDDB97-AAA7-480A-84DC-4676BC6968F3}.Debug|x64.Build.0 = Debug|Any CPU
		{D3FDDB97-AAA7-480A-84DC-4676BC6968F3}.Debug|x86.ActiveCfg = Debug|Any CPU
		{D3FDDB97-AAA7-480A-84DC-4676BC6968F3}.Debug|x86.Build.0 = Debug|Any CPU
		{D3FDDB97-AAA7-480A-84DC-4676BC6968F3}.Release|Any CPU.ActiveCfg = Release|Any CPU
		{D3FDDB97-AAA7-480A-84DC-4676BC6968F3}.Release|Any CPU.Build.0 = Release|Any CPU
		{D3FDDB97-AAA7-480A-84DC-4676BC6968F3}.Release|x64.ActiveCfg = Release|Any CPU
		{D3FDDB97-AAA7-480A-84DC-4676BC6968F3}.Release|x64.Build.0 = Release|Any CPU
		{D3FDDB97-AAA7-480A-84DC-4676BC6968F3}.Release|x86.ActiveCfg = Release|Any CPU
		{D3FDDB97-AAA7-480A-84DC-4676BC6968F3}.Release|x86.Build.0 = Release|Any CPU
		{32B94564-D10C-4DBF-B5F5-F6BA61BA2077}.Debug|Any CPU.ActiveCfg = Debug|Any CPU
		{32B94564-D10C-4DBF-B5F5-F6BA61BA2077}.Debug|Any CPU.Build.0 = Debug|Any CPU
		{32B94564-D10C-4DBF-B5F5-F6BA61BA2077}.Debug|x64.ActiveCfg = Debug|Any CPU
		{32B94564-D10C-4DBF-B5F5-F6BA61BA2077}.Debug|x64.Build.0 = Debug|Any CPU
		{32B94564-D10C-4DBF-B5F5-F6BA61BA2077}.Debug|x86.ActiveCfg = Debug|Any CPU
		{32B94564-D10C-4DBF-B5F5-F6BA61BA2077}.Debug|x86.Build.0 = Debug|Any CPU
		{32B94564-D10C-4DBF-B5F5-F6BA61BA2077}.Release|Any CPU.ActiveCfg = Release|Any CPU
		{32B94564-D10C-4DBF-B5F5-F6BA61BA2077}.Release|Any CPU.Build.0 = Release|Any CPU
		{32B94564-D10C-4DBF-B5F5-F6BA61BA2077}.Release|x64.ActiveCfg = Release|Any CPU
		{32B94564-D10C-4DBF-B5F5-F6BA61BA2077}.Release|x64.Build.0 = Release|Any CPU
		{32B94564-D10C-4DBF-B5F5-F6BA61BA2077}.Release|x86.ActiveCfg = Release|Any CPU
		{32B94564-D10C-4DBF-B5F5-F6BA61BA2077}.Release|x86.Build.0 = Release|Any CPU
	EndGlobalSection
EndGlobal
